// !$*UTF8*$!
{
	archiveVersion = 1;
	classes = {
	};
	objectVersion = 56;
	objects = {

/* Begin PBXBuildFile section */
		0720157D2A29623600536933 /* AppDelegate.swift in Sources */ = {isa = PBXBuildFile; fileRef = 0720157C2A29623600536933 /* AppDelegate.swift */; };
		0720157F2A29623600536933 /* SceneDelegate.swift in Sources */ = {isa = PBXBuildFile; fileRef = 0720157E2A29623600536933 /* SceneDelegate.swift */; };
		072015842A29623600536933 /* Main.storyboard in Resources */ = {isa = PBXBuildFile; fileRef = 072015822A29623600536933 /* Main.storyboard */; };
		072015862A29623700536933 /* Assets.xcassets in Resources */ = {isa = PBXBuildFile; fileRef = 072015852A29623700536933 /* Assets.xcassets */; };
		072015892A29623700536933 /* LaunchScreen.storyboard in Resources */ = {isa = PBXBuildFile; fileRef = 072015872A29623700536933 /* LaunchScreen.storyboard */; };
		072015922A29625400536933 /* ModelsBuild in Frameworks */ = {isa = PBXBuildFile; productRef = 072015912A29625400536933 /* ModelsBuild */; };
		072015942A29625400536933 /* ModelsDSTU2 in Frameworks */ = {isa = PBXBuildFile; productRef = 072015932A29625400536933 /* ModelsDSTU2 */; };
		072015962A29625400536933 /* ModelsR4 in Frameworks */ = {isa = PBXBuildFile; productRef = 072015952A29625400536933 /* ModelsR4 */; };
		072015982A29625400536933 /* ModelsR4B in Frameworks */ = {isa = PBXBuildFile; productRef = 072015972A29625400536933 /* ModelsR4B */; };
		0720159A2A29625400536933 /* ModelsR5 in Frameworks */ = {isa = PBXBuildFile; productRef = 072015992A29625400536933 /* ModelsR5 */; };
		0720159C2A29625400536933 /* ModelsSTU3 in Frameworks */ = {isa = PBXBuildFile; productRef = 0720159B2A29625400536933 /* ModelsSTU3 */; };
		072015A62A29626C00536933 /* RoundedButton.swift in Sources */ = {isa = PBXBuildFile; fileRef = 0720159D2A29626A00536933 /* RoundedButton.swift */; };
		072015A72A29626C00536933 /* Utilities.swift in Sources */ = {isa = PBXBuildFile; fileRef = 0720159E2A29626B00536933 /* Utilities.swift */; };
		072015A82A29626C00536933 /* FHIRSourceViewController.swift in Sources */ = {isa = PBXBuildFile; fileRef = 0720159F2A29626B00536933 /* FHIRSourceViewController.swift */; };
		072015A92A29626C00536933 /* FHIRResources+DisplayItemProvider.swift in Sources */ = {isa = PBXBuildFile; fileRef = 072015A02A29626B00536933 /* FHIRResources+DisplayItemProvider.swift */; };
		072015AA2A29626C00536933 /* MainViewController.swift in Sources */ = {isa = PBXBuildFile; fileRef = 072015A12A29626B00536933 /* MainViewController.swift */; };
		072015AB2A29626C00536933 /* PartialFHIRResources+DisplayItemProvider.swift in Sources */ = {isa = PBXBuildFile; fileRef = 072015A22A29626B00536933 /* PartialFHIRResources+DisplayItemProvider.swift */; };
		072015AC2A29626C00536933 /* PartialFHIRResources.swift in Sources */ = {isa = PBXBuildFile; fileRef = 072015A32A29626B00536933 /* PartialFHIRResources.swift */; };
		072015AD2A29626C00536933 /* DisplayItemProviders.swift in Sources */ = {isa = PBXBuildFile; fileRef = 072015A42A29626C00536933 /* DisplayItemProviders.swift */; };
		072015AE2A29626C00536933 /* DisplayItem.swift in Sources */ = {isa = PBXBuildFile; fileRef = 072015A52A29626C00536933 /* DisplayItem.swift */; };
		072015B12A2972BA00536933 /* ScannerViewController.swift in Sources */ = {isa = PBXBuildFile; fileRef = 072015AF2A2972BA00536933 /* ScannerViewController.swift */; };
		072015B22A2972BA00536933 /* CategoryViewController.swift in Sources */ = {isa = PBXBuildFile; fileRef = 072015B02A2972BA00536933 /* CategoryViewController.swift */; };
		072015B62A2981C500536933 /* NOSHConnect.swift in Sources */ = {isa = PBXBuildFile; fileRef = 072015B52A2981C500536933 /* NOSHConnect.swift */; };
/* End PBXBuildFile section */

/* Begin PBXFileReference section */
		072015792A29623600536933 /* HIEofOne Connect.app */ = {isa = PBXFileReference; explicitFileType = wrapper.application; includeInIndex = 0; path = "HIEofOne Connect.app"; sourceTree = BUILT_PRODUCTS_DIR; };
		0720157C2A29623600536933 /* AppDelegate.swift */ = {isa = PBXFileReference; lastKnownFileType = sourcecode.swift; path = AppDelegate.swift; sourceTree = "<group>"; };
		0720157E2A29623600536933 /* SceneDelegate.swift */ = {isa = PBXFileReference; lastKnownFileType = sourcecode.swift; path = SceneDelegate.swift; sourceTree = "<group>"; };
		072015832A29623600536933 /* Base */ = {isa = PBXFileReference; lastKnownFileType = file.storyboard; name = Base; path = Base.lproj/Main.storyboard; sourceTree = "<group>"; };
		072015852A29623700536933 /* Assets.xcassets */ = {isa = PBXFileReference; lastKnownFileType = folder.assetcatalog; path = Assets.xcassets; sourceTree = "<group>"; };
		072015882A29623700536933 /* Base */ = {isa = PBXFileReference; lastKnownFileType = file.storyboard; name = Base; path = Base.lproj/LaunchScreen.storyboard; sourceTree = "<group>"; };
		0720158A2A29623700536933 /* Info.plist */ = {isa = PBXFileReference; lastKnownFileType = text.plist.xml; path = Info.plist; sourceTree = "<group>"; };
		0720159D2A29626A00536933 /* RoundedButton.swift */ = {isa = PBXFileReference; fileEncoding = 4; lastKnownFileType = sourcecode.swift; path = RoundedButton.swift; sourceTree = "<group>"; };
		0720159E2A29626B00536933 /* Utilities.swift */ = {isa = PBXFileReference; fileEncoding = 4; lastKnownFileType = sourcecode.swift; path = Utilities.swift; sourceTree = "<group>"; };
		0720159F2A29626B00536933 /* FHIRSourceViewController.swift */ = {isa = PBXFileReference; fileEncoding = 4; lastKnownFileType = sourcecode.swift; path = FHIRSourceViewController.swift; sourceTree = "<group>"; };
		072015A02A29626B00536933 /* FHIRResources+DisplayItemProvider.swift */ = {isa = PBXFileReference; fileEncoding = 4; lastKnownFileType = sourcecode.swift; path = "FHIRResources+DisplayItemProvider.swift"; sourceTree = "<group>"; };
		072015A12A29626B00536933 /* MainViewController.swift */ = {isa = PBXFileReference; fileEncoding = 4; lastKnownFileType = sourcecode.swift; path = MainViewController.swift; sourceTree = "<group>"; };
		072015A22A29626B00536933 /* PartialFHIRResources+DisplayItemProvider.swift */ = {isa = PBXFileReference; fileEncoding = 4; lastKnownFileType = sourcecode.swift; path = "PartialFHIRResources+DisplayItemProvider.swift"; sourceTree = "<group>"; };
		072015A32A29626B00536933 /* PartialFHIRResources.swift */ = {isa = PBXFileReference; fileEncoding = 4; lastKnownFileType = sourcecode.swift; path = PartialFHIRResources.swift; sourceTree = "<group>"; };
		072015A42A29626C00536933 /* DisplayItemProviders.swift */ = {isa = PBXFileReference; fileEncoding = 4; lastKnownFileType = sourcecode.swift; path = DisplayItemProviders.swift; sourceTree = "<group>"; };
		072015A52A29626C00536933 /* DisplayItem.swift */ = {isa = PBXFileReference; fileEncoding = 4; lastKnownFileType = sourcecode.swift; path = DisplayItem.swift; sourceTree = "<group>"; };
		072015AF2A2972BA00536933 /* ScannerViewController.swift */ = {isa = PBXFileReference; fileEncoding = 4; lastKnownFileType = sourcecode.swift; path = ScannerViewController.swift; sourceTree = "<group>"; };
		072015B02A2972BA00536933 /* CategoryViewController.swift */ = {isa = PBXFileReference; fileEncoding = 4; lastKnownFileType = sourcecode.swift; path = CategoryViewController.swift; sourceTree = "<group>"; };
		072015B42A29765400536933 /* HIEofOne Connect.entitlements */ = {isa = PBXFileReference; lastKnownFileType = text.plist.entitlements; path = "HIEofOne Connect.entitlements"; sourceTree = "<group>"; };
		072015B52A2981C500536933 /* NOSHConnect.swift */ = {isa = PBXFileReference; lastKnownFileType = sourcecode.swift; path = NOSHConnect.swift; sourceTree = "<group>"; };
/* End PBXFileReference section */

/* Begin PBXFrameworksBuildPhase section */
		072015762A29623600536933 /* Frameworks */ = {
			isa = PBXFrameworksBuildPhase;
			buildActionMask = 2147483647;
			files = (
				072015922A29625400536933 /* ModelsBuild in Frameworks */,
				0720159C2A29625400536933 /* ModelsSTU3 in Frameworks */,
				0720159A2A29625400536933 /* ModelsR5 in Frameworks */,
				072015982A29625400536933 /* ModelsR4B in Frameworks */,
				072015962A29625400536933 /* ModelsR4 in Frameworks */,
				072015942A29625400536933 /* ModelsDSTU2 in Frameworks */,
			);
			runOnlyForDeploymentPostprocessing = 0;
		};
/* End PBXFrameworksBuildPhase section */

/* Begin PBXGroup section */
		072015702A29623600536933 = {
			isa = PBXGroup;
			children = (
				0720157B2A29623600536933 /* HIEofOne Connect */,
				0720157A2A29623600536933 /* Products */,
			);
			sourceTree = "<group>";
		};
		0720157A2A29623600536933 /* Products */ = {
			isa = PBXGroup;
			children = (
				072015792A29623600536933 /* HIEofOne Connect.app */,
			);
			name = Products;
			sourceTree = "<group>";
		};
		0720157B2A29623600536933 /* HIEofOne Connect */ = {
			isa = PBXGroup;
			children = (
				072015B42A29765400536933 /* HIEofOne Connect.entitlements */,
				0720157C2A29623600536933 /* AppDelegate.swift */,
				0720157E2A29623600536933 /* SceneDelegate.swift */,
				072015B32A2972D600536933 /* View Controllers */,
				072015A52A29626C00536933 /* DisplayItem.swift */,
				072015A42A29626C00536933 /* DisplayItemProviders.swift */,
				072015A02A29626B00536933 /* FHIRResources+DisplayItemProvider.swift */,
				072015A32A29626B00536933 /* PartialFHIRResources.swift */,
				072015A22A29626B00536933 /* PartialFHIRResources+DisplayItemProvider.swift */,
				0720159D2A29626A00536933 /* RoundedButton.swift */,
				0720159E2A29626B00536933 /* Utilities.swift */,
				072015B52A2981C500536933 /* NOSHConnect.swift */,
				072015822A29623600536933 /* Main.storyboard */,
				072015852A29623700536933 /* Assets.xcassets */,
				072015872A29623700536933 /* LaunchScreen.storyboard */,
				0720158A2A29623700536933 /* Info.plist */,
			);
			path = "HIEofOne Connect";
			sourceTree = "<group>";
		};
		072015B32A2972D600536933 /* View Controllers */ = {
			isa = PBXGroup;
			children = (
				072015B02A2972BA00536933 /* CategoryViewController.swift */,
				072015AF2A2972BA00536933 /* ScannerViewController.swift */,
				0720159F2A29626B00536933 /* FHIRSourceViewController.swift */,
				072015A12A29626B00536933 /* MainViewController.swift */,
			);
			path = "View Controllers";
			sourceTree = "<group>";
		};
/* End PBXGroup section */

/* Begin PBXNativeTarget section */
		072015782A29623600536933 /* HIEofOne Connect */ = {
			isa = PBXNativeTarget;
			buildConfigurationList = 0720158D2A29623700536933 /* Build configuration list for PBXNativeTarget "HIEofOne Connect" */;
			buildPhases = (
				072015752A29623600536933 /* Sources */,
				072015762A29623600536933 /* Frameworks */,
				072015772A29623600536933 /* Resources */,
			);
			buildRules = (
			);
			dependencies = (
			);
			name = "HIEofOne Connect";
			packageProductDependencies = (
				072015912A29625400536933 /* ModelsBuild */,
				072015932A29625400536933 /* ModelsDSTU2 */,
				072015952A29625400536933 /* ModelsR4 */,
				072015972A29625400536933 /* ModelsR4B */,
				072015992A29625400536933 /* ModelsR5 */,
				0720159B2A29625400536933 /* ModelsSTU3 */,
			);
			productName = "HIEofOne Connect";
			productReference = 072015792A29623600536933 /* HIEofOne Connect.app */;
			productType = "com.apple.product-type.application";
		};
/* End PBXNativeTarget section */

/* Begin PBXProject section */
		072015712A29623600536933 /* Project object */ = {
			isa = PBXProject;
			attributes = {
				BuildIndependentTargetsInParallel = 1;
				LastSwiftUpdateCheck = 1420;
				LastUpgradeCheck = 1420;
				TargetAttributes = {
					072015782A29623600536933 = {
						CreatedOnToolsVersion = 14.2;
					};
				};
			};
			buildConfigurationList = 072015742A29623600536933 /* Build configuration list for PBXProject "HIEofOne Connect" */;
			compatibilityVersion = "Xcode 14.0";
			developmentRegion = en;
			hasScannedForEncodings = 0;
			knownRegions = (
				en,
				Base,
			);
			mainGroup = 072015702A29623600536933;
			packageReferences = (
				072015902A29625400536933 /* XCRemoteSwiftPackageReference "FHIRModels" */,
			);
			productRefGroup = 0720157A2A29623600536933 /* Products */;
			projectDirPath = "";
			projectRoot = "";
			targets = (
				072015782A29623600536933 /* HIEofOne Connect */,
			);
		};
/* End PBXProject section */

/* Begin PBXResourcesBuildPhase section */
		072015772A29623600536933 /* Resources */ = {
			isa = PBXResourcesBuildPhase;
			buildActionMask = 2147483647;
			files = (
				072015892A29623700536933 /* LaunchScreen.storyboard in Resources */,
				072015862A29623700536933 /* Assets.xcassets in Resources */,
				072015842A29623600536933 /* Main.storyboard in Resources */,
			);
			runOnlyForDeploymentPostprocessing = 0;
		};
/* End PBXResourcesBuildPhase section */

/* Begin PBXSourcesBuildPhase section */
		072015752A29623600536933 /* Sources */ = {
			isa = PBXSourcesBuildPhase;
			buildActionMask = 2147483647;
			files = (
				072015A82A29626C00536933 /* FHIRSourceViewController.swift in Sources */,
				072015A92A29626C00536933 /* FHIRResources+DisplayItemProvider.swift in Sources */,
				072015B22A2972BA00536933 /* CategoryViewController.swift in Sources */,
				072015AC2A29626C00536933 /* PartialFHIRResources.swift in Sources */,
				0720157D2A29623600536933 /* AppDelegate.swift in Sources */,
				072015AE2A29626C00536933 /* DisplayItem.swift in Sources */,
				0720157F2A29623600536933 /* SceneDelegate.swift in Sources */,
				072015AD2A29626C00536933 /* DisplayItemProviders.swift in Sources */,
				072015A72A29626C00536933 /* Utilities.swift in Sources */,
				072015A62A29626C00536933 /* RoundedButton.swift in Sources */,
				072015B12A2972BA00536933 /* ScannerViewController.swift in Sources */,
				072015AB2A29626C00536933 /* PartialFHIRResources+DisplayItemProvider.swift in Sources */,
				072015B62A2981C500536933 /* NOSHConnect.swift in Sources */,
				072015AA2A29626C00536933 /* MainViewController.swift in Sources */,
			);
			runOnlyForDeploymentPostprocessing = 0;
		};
/* End PBXSourcesBuildPhase section */

/* Begin PBXVariantGroup section */
		072015822A29623600536933 /* Main.storyboard */ = {
			isa = PBXVariantGroup;
			children = (
				072015832A29623600536933 /* Base */,
			);
			name = Main.storyboard;
			sourceTree = "<group>";
		};
		072015872A29623700536933 /* LaunchScreen.storyboard */ = {
			isa = PBXVariantGroup;
			children = (
				072015882A29623700536933 /* Base */,
			);
			name = LaunchScreen.storyboard;
			sourceTree = "<group>";
		};
/* End PBXVariantGroup section */

/* Begin XCBuildConfiguration section */
		0720158B2A29623700536933 /* Debug */ = {
			isa = XCBuildConfiguration;
			buildSettings = {
				ALWAYS_SEARCH_USER_PATHS = NO;
				CLANG_ANALYZER_NONNULL = YES;
				CLANG_ANALYZER_NUMBER_OBJECT_CONVERSION = YES_AGGRESSIVE;
				CLANG_CXX_LANGUAGE_STANDARD = "gnu++20";
				CLANG_ENABLE_MODULES = YES;
				CLANG_ENABLE_OBJC_ARC = YES;
				CLANG_ENABLE_OBJC_WEAK = YES;
				CLANG_WARN_BLOCK_CAPTURE_AUTORELEASING = YES;
				CLANG_WARN_BOOL_CONVERSION = YES;
				CLANG_WARN_COMMA = YES;
				CLANG_WARN_CONSTANT_CONVERSION = YES;
				CLANG_WARN_DEPRECATED_OBJC_IMPLEMENTATIONS = YES;
				CLANG_WARN_DIRECT_OBJC_ISA_USAGE = YES_ERROR;
				CLANG_WARN_DOCUMENTATION_COMMENTS = YES;
				CLANG_WARN_EMPTY_BODY = YES;
				CLANG_WARN_ENUM_CONVERSION = YES;
				CLANG_WARN_INFINITE_RECURSION = YES;
				CLANG_WARN_INT_CONVERSION = YES;
				CLANG_WARN_NON_LITERAL_NULL_CONVERSION = YES;
				CLANG_WARN_OBJC_IMPLICIT_RETAIN_SELF = YES;
				CLANG_WARN_OBJC_LITERAL_CONVERSION = YES;
				CLANG_WARN_OBJC_ROOT_CLASS = YES_ERROR;
				CLANG_WARN_QUOTED_INCLUDE_IN_FRAMEWORK_HEADER = YES;
				CLANG_WARN_RANGE_LOOP_ANALYSIS = YES;
				CLANG_WARN_STRICT_PROTOTYPES = YES;
				CLANG_WARN_SUSPICIOUS_MOVE = YES;
				CLANG_WARN_UNGUARDED_AVAILABILITY = YES_AGGRESSIVE;
				CLANG_WARN_UNREACHABLE_CODE = YES;
				CLANG_WARN__DUPLICATE_METHOD_MATCH = YES;
				COPY_PHASE_STRIP = NO;
				DEBUG_INFORMATION_FORMAT = dwarf;
				ENABLE_STRICT_OBJC_MSGSEND = YES;
				ENABLE_TESTABILITY = YES;
				GCC_C_LANGUAGE_STANDARD = gnu11;
				GCC_DYNAMIC_NO_PIC = NO;
				GCC_NO_COMMON_BLOCKS = YES;
				GCC_OPTIMIZATION_LEVEL = 0;
				GCC_PREPROCESSOR_DEFINITIONS = (
					"DEBUG=1",
					"$(inherited)",
				);
				GCC_WARN_64_TO_32_BIT_CONVERSION = YES;
				GCC_WARN_ABOUT_RETURN_TYPE = YES_ERROR;
				GCC_WARN_UNDECLARED_SELECTOR = YES;
				GCC_WARN_UNINITIALIZED_AUTOS = YES_AGGRESSIVE;
				GCC_WARN_UNUSED_FUNCTION = YES;
				GCC_WARN_UNUSED_VARIABLE = YES;
				IPHONEOS_DEPLOYMENT_TARGET = 16.2;
				MTL_ENABLE_DEBUG_INFO = INCLUDE_SOURCE;
				MTL_FAST_MATH = YES;
				ONLY_ACTIVE_ARCH = YES;
				SDKROOT = iphoneos;
				SWIFT_ACTIVE_COMPILATION_CONDITIONS = DEBUG;
				SWIFT_OPTIMIZATION_LEVEL = "-Onone";
			};
			name = Debug;
		};
		0720158C2A29623700536933 /* Release */ = {
			isa = XCBuildConfiguration;
			buildSettings = {
				ALWAYS_SEARCH_USER_PATHS = NO;
				CLANG_ANALYZER_NONNULL = YES;
				CLANG_ANALYZER_NUMBER_OBJECT_CONVERSION = YES_AGGRESSIVE;
				CLANG_CXX_LANGUAGE_STANDARD = "gnu++20";
				CLANG_ENABLE_MODULES = YES;
				CLANG_ENABLE_OBJC_ARC = YES;
				CLANG_ENABLE_OBJC_WEAK = YES;
				CLANG_WARN_BLOCK_CAPTURE_AUTORELEASING = YES;
				CLANG_WARN_BOOL_CONVERSION = YES;
				CLANG_WARN_COMMA = YES;
				CLANG_WARN_CONSTANT_CONVERSION = YES;
				CLANG_WARN_DEPRECATED_OBJC_IMPLEMENTATIONS = YES;
				CLANG_WARN_DIRECT_OBJC_ISA_USAGE = YES_ERROR;
				CLANG_WARN_DOCUMENTATION_COMMENTS = YES;
				CLANG_WARN_EMPTY_BODY = YES;
				CLANG_WARN_ENUM_CONVERSION = YES;
				CLANG_WARN_INFINITE_RECURSION = YES;
				CLANG_WARN_INT_CONVERSION = YES;
				CLANG_WARN_NON_LITERAL_NULL_CONVERSION = YES;
				CLANG_WARN_OBJC_IMPLICIT_RETAIN_SELF = YES;
				CLANG_WARN_OBJC_LITERAL_CONVERSION = YES;
				CLANG_WARN_OBJC_ROOT_CLASS = YES_ERROR;
				CLANG_WARN_QUOTED_INCLUDE_IN_FRAMEWORK_HEADER = YES;
				CLANG_WARN_RANGE_LOOP_ANALYSIS = YES;
				CLANG_WARN_STRICT_PROTOTYPES = YES;
				CLANG_WARN_SUSPICIOUS_MOVE = YES;
				CLANG_WARN_UNGUARDED_AVAILABILITY = YES_AGGRESSIVE;
				CLANG_WARN_UNREACHABLE_CODE = YES;
				CLANG_WARN__DUPLICATE_METHOD_MATCH = YES;
				COPY_PHASE_STRIP = NO;
				DEBUG_INFORMATION_FORMAT = "dwarf-with-dsym";
				ENABLE_NS_ASSERTIONS = NO;
				ENABLE_STRICT_OBJC_MSGSEND = YES;
				GCC_C_LANGUAGE_STANDARD = gnu11;
				GCC_NO_COMMON_BLOCKS = YES;
				GCC_WARN_64_TO_32_BIT_CONVERSION = YES;
				GCC_WARN_ABOUT_RETURN_TYPE = YES_ERROR;
				GCC_WARN_UNDECLARED_SELECTOR = YES;
				GCC_WARN_UNINITIALIZED_AUTOS = YES_AGGRESSIVE;
				GCC_WARN_UNUSED_FUNCTION = YES;
				GCC_WARN_UNUSED_VARIABLE = YES;
				IPHONEOS_DEPLOYMENT_TARGET = 16.2;
				MTL_ENABLE_DEBUG_INFO = NO;
				MTL_FAST_MATH = YES;
				SDKROOT = iphoneos;
				SWIFT_COMPILATION_MODE = wholemodule;
				SWIFT_OPTIMIZATION_LEVEL = "-O";
				VALIDATE_PRODUCT = YES;
			};
			name = Release;
		};
		0720158E2A29623700536933 /* Debug */ = {
			isa = XCBuildConfiguration;
			buildSettings = {
				ASSETCATALOG_COMPILER_APPICON_NAME = AppIcon;
				ASSETCATALOG_COMPILER_GLOBAL_ACCENT_COLOR_NAME = AccentColor;
				CODE_SIGN_ENTITLEMENTS = "HIEofOne Connect/HIEofOne Connect.entitlements";
				CODE_SIGN_STYLE = Automatic;
				CURRENT_PROJECT_VERSION = 1;
				DEVELOPMENT_TEAM = S83698T87Q;
				GENERATE_INFOPLIST_FILE = YES;
				INFOPLIST_FILE = "HIEofOne Connect/Info.plist";
				INFOPLIST_KEY_NSCameraUsageDescription = "We will use your camera in order to scan your qr code to connect to NOSH";
				INFOPLIST_KEY_NSHealthClinicalHealthRecordsShareUsageDescription = "We will send your health records to NOSH upon your request.";
				INFOPLIST_KEY_UIApplicationSupportsIndirectInputEvents = YES;
				INFOPLIST_KEY_UILaunchStoryboardName = LaunchScreen;
				INFOPLIST_KEY_UIMainStoryboardFile = Main;
				INFOPLIST_KEY_UISupportedInterfaceOrientations_iPad = "UIInterfaceOrientationPortrait UIInterfaceOrientationPortraitUpsideDown UIInterfaceOrientationLandscapeLeft UIInterfaceOrientationLandscapeRight";
				INFOPLIST_KEY_UISupportedInterfaceOrientations_iPhone = "UIInterfaceOrientationPortrait UIInterfaceOrientationLandscapeLeft UIInterfaceOrientationLandscapeRight";
				LD_RUNPATH_SEARCH_PATHS = (
					"$(inherited)",
					"@executable_path/Frameworks",
				);
				MARKETING_VERSION = 1.0;
				PRODUCT_BUNDLE_IDENTIFIER = "com.olivermoscow.HIEofOne-Connect";
				PRODUCT_NAME = "$(TARGET_NAME)";
				SWIFT_EMIT_LOC_STRINGS = YES;
				SWIFT_VERSION = 5.0;
				TARGETED_DEVICE_FAMILY = "1,2";
			};
			name = Debug;
		};
		0720158F2A29623700536933 /* Release */ = {
			isa = XCBuildConfiguration;
			buildSettings = {
				ASSETCATALOG_COMPILER_APPICON_NAME = AppIcon;
				ASSETCATALOG_COMPILER_GLOBAL_ACCENT_COLOR_NAME = AccentColor;
				CODE_SIGN_ENTITLEMENTS = "HIEofOne Connect/HIEofOne Connect.entitlements";
				CODE_SIGN_STYLE = Automatic;
				CURRENT_PROJECT_VERSION = 1;
				DEVELOPMENT_TEAM = S83698T87Q;
				GENERATE_INFOPLIST_FILE = YES;
				INFOPLIST_FILE = "HIEofOne Connect/Info.plist";
				INFOPLIST_KEY_NSCameraUsageDescription = "We will use your camera in order to scan your qr code to connect to NOSH";
				INFOPLIST_KEY_NSHealthClinicalHealthRecordsShareUsageDescription = "We will send your health records to NOSH upon your request.";
				INFOPLIST_KEY_UIApplicationSupportsIndirectInputEvents = YES;
				INFOPLIST_KEY_UILaunchStoryboardName = LaunchScreen;
				INFOPLIST_KEY_UIMainStoryboardFile = Main;
				INFOPLIST_KEY_UISupportedInterfaceOrientations_iPad = "UIInterfaceOrientationPortrait UIInterfaceOrientationPortraitUpsideDown UIInterfaceOrientationLandscapeLeft UIInterfaceOrientationLandscapeRight";
				INFOPLIST_KEY_UISupportedInterfaceOrientations_iPhone = "UIInterfaceOrientationPortrait UIInterfaceOrientationLandscapeLeft UIInterfaceOrientationLandscapeRight";
				LD_RUNPATH_SEARCH_PATHS = (
					"$(inherited)",
					"@executable_path/Frameworks",
				);
				MARKETING_VERSION = 1.0;
				PRODUCT_BUNDLE_IDENTIFIER = "com.olivermoscow.HIEofOne-Connect";
				PRODUCT_NAME = "$(TARGET_NAME)";
				SWIFT_EMIT_LOC_STRINGS = YES;
				SWIFT_VERSION = 5.0;
				TARGETED_DEVICE_FAMILY = "1,2";
			};
			name = Release;
		};
/* End XCBuildConfiguration section */

/* Begin XCConfigurationList section */
		072015742A29623600536933 /* Build configuration list for PBXProject "HIEofOne Connect" */ = {
			isa = XCConfigurationList;
			buildConfigurations = (
				0720158B2A29623700536933 /* Debug */,
				0720158C2A29623700536933 /* Release */,
			);
			defaultConfigurationIsVisible = 0;
			defaultConfigurationName = Release;
		};
		0720158D2A29623700536933 /* Build configuration list for PBXNativeTarget "HIEofOne Connect" */ = {
			isa = XCConfigurationList;
			buildConfigurations = (
				0720158E2A29623700536933 /* Debug */,
				0720158F2A29623700536933 /* Release */,
			);
			defaultConfigurationIsVisible = 0;
			defaultConfigurationName = Release;
		};
/* End XCConfigurationList section */

/* Begin XCRemoteSwiftPackageReference section */
		072015902A29625400536933 /* XCRemoteSwiftPackageReference "FHIRModels" */ = {
			isa = XCRemoteSwiftPackageReference;
			repositoryURL = "https://github.com/apple/FHIRModels.git";
			requirement = {
				branch = main;
				kind = branch;
			};
		};
/* End XCRemoteSwiftPackageReference section */

/* Begin XCSwiftPackageProductDependency section */
		072015912A29625400536933 /* ModelsBuild */ = {
			isa = XCSwiftPackageProductDependency;
			package = 072015902A29625400536933 /* XCRemoteSwiftPackageReference "FHIRModels" */;
			productName = ModelsBuild;
		};
		072015932A29625400536933 /* ModelsDSTU2 */ = {
			isa = XCSwiftPackageProductDependency;
			package = 072015902A29625400536933 /* XCRemoteSwiftPackageReference "FHIRModels" */;
			productName = ModelsDSTU2;
		};
		072015952A29625400536933 /* ModelsR4 */ = {
			isa = XCSwiftPackageProductDependency;
			package = 072015902A29625400536933 /* XCRemoteSwiftPackageReference "FHIRModels" */;
			productName = ModelsR4;
		};
		072015972A29625400536933 /* ModelsR4B */ = {
			isa = XCSwiftPackageProductDependency;
			package = 072015902A29625400536933 /* XCRemoteSwiftPackageReference "FHIRModels" */;
			productName = ModelsR4B;
		};
		072015992A29625400536933 /* ModelsR5 */ = {
			isa = XCSwiftPackageProductDependency;
			package = 072015902A29625400536933 /* XCRemoteSwiftPackageReference "FHIRModels" */;
			productName = ModelsR5;
		};
		0720159B2A29625400536933 /* ModelsSTU3 */ = {
			isa = XCSwiftPackageProductDependency;
			package = 072015902A29625400536933 /* XCRemoteSwiftPackageReference "FHIRModels" */;
			productName = ModelsSTU3;
		};
/* End XCSwiftPackageProductDependency section */
	};
	rootObject = 072015712A29623600536933 /* Project object */;
}
